
Microsoft Visual Studio Solution File, Format Version 12.00
# Visual Studio Version 16
VisualStudioVersion = 16.0.28803.352
MinimumVisualStudioVersion = 10.0.40219.1
Project("{FAE04EC0-301F-11D3-BF4B-00C04F79EFBC}") = "iqviaPracticalExam", "iqviaPracticalExam\iqviaPracticalExam.csproj", "{4FC0B2E5-7616-4DFC-AB9E-B9F1CB70EFB3}"
EndProject
Global
	GlobalSection(SolutionConfigurationPlatforms) = preSolution
		Debug|Any CPU = Debug|Any CPU
		Release|Any CPU = Release|Any CPU
	EndGlobalSection
	GlobalSection(ProjectConfigurationPlatforms) = postSolution
		{4FC0B2E5-7616-4DFC-AB9E-B9F1CB70EFB3}.Debug|Any CPU.ActiveCfg = Debug|Any CPU
		{4FC0B2E5-7616-4DFC-AB9E-B9F1CB70EFB3}.Debug|Any CPU.Build.0 = Debug|Any CPU
		{4FC0B2E5-7616-4DFC-AB9E-B9F1CB70EFB3}.Release|Any CPU.ActiveCfg = Release|Any CPU
		{4FC0B2E5-7616-4DFC-AB9E-B9F1CB70EFB3}.Release|Any CPU.Build.0 = Release|Any CPU
	EndGlobalSection
	GlobalSection(SolutionProperties) = preSolution
		HideSolutionNode = FALSE
	EndGlobalSection
	GlobalSection(ExtensibilityGlobals) = postSolution
		SolutionGuid = {A0AF8805-47DF-4664-9209-11F473B9AEC8}
	EndGlobalSection
EndGlobal
